# This file is automatically @generated by Cargo.
# It is not intended for manual editing.
version = 4

[[package]]
name = "rimap-audit"
version = "0.0.0"

[[package]]
name = "rimap-authz"
version = "0.0.0"

[[package]]
name = "rimap-config"
version = "0.0.0"

[[package]]
name = "rimap-content"
version = "0.0.0"

[[package]]
name = "rimap-core"
version = "0.0.0"

[[package]]
name = "rimap-imap"
version = "0.0.0"

[[package]]
name = "rimap-server"
version = "0.0.0"
